<?xml version="1.0" encoding="utf-8"?>
<Project ToolsVersion="4.0" xmlns="http://schemas.microsoft.com/developer/msbuild/2003">
  <ItemGroup>
    <ClCompile Include="build.cpp" />
    <ClCompile Include="main.cpp" />
    <ClCompile Include="gameEngine.cpp" />
    <ClCompile Include="gameStartupDebugPage.cpp" />
    <ClCompile Include="assertMsgImp.cpp" />
  </ItemGroup>
  <ItemGroup>
    <ClInclude Include="build.h" />
    <ClInclude Include="gameEngine.h" />
    <ClInclude Include="resource.h" />
    <ClInclude Include="r6gameSettings.h" />
    <ClInclude Include="r6MemoryWindows.h" />
    <ClInclude Include="r6MemoryDurango.h" />
    <ClInclude Include="r6MemoryOrbis.h" />
  </ItemGroup>
  <ItemGroup>
    <ResourceCompile Include="game.rc" />
  </ItemGroup>
  <ItemGroup>
    <None Include="icon.ico" />
  </ItemGroup>
</Project>